{"format_version":"1.0","provider_schemas":{"registry.terraform.io/aminueza/minio":{"provider":{"version":0,"block":{"attributes":{"minio_access_key":{"type":"string","description":"Minio Access Key","description_kind":"plain","deprecated":true,"optional":true},"minio_api_version":{"type":"string","description":"Minio API Version (type: string, options: v2 or v4, default: v4)","description_kind":"plain","optional":true},"minio_cacert_file":{"type":"string","description_kind":"plain","optional":true},"minio_cert_file":{"type":"string","description_kind":"plain","optional":true},"minio_insecure":{"type":"bool","description":"Disable SSL certificate verification (default: false)","description_kind":"plain","optional":true},"minio_key_file":{"type":"string","description_kind":"plain","optional":true},"minio_password":{"type":"string","description":"Minio Password","description_kind":"plain","optional":true},"minio_region":{"type":"string","description":"Minio Region (default: us-east-1)","description_kind":"plain","optional":true},"minio_secret_key":{"type":"string","description":"Minio Secret Key","description_kind":"plain","deprecated":true,"optional":true},"minio_server":{"type":"string","description":"Minio Host and Port","description_kind":"plain","required":true},"minio_session_token":{"type":"string","description":"Minio Session Token","description_kind":"plain","optional":true},"minio_ssl":{"type":"bool","description":"Minio SSL enabled (default: false)","description_kind":"plain","optional":true},"minio_user":{"type":"string","description":"Minio User","description_kind":"plain","optional":true}},"description_kind":"plain"}},"resource_schemas":{"minio_iam_group":{"version":0,"block":{"attributes":{"disable_group":{"type":"bool","description":"Disable group","description_kind":"plain","optional":true},"force_destroy":{"type":"bool","description":"Delete group even if it has non-Terraform-managed members","description_kind":"plain","optional":true},"group_name":{"type":"string","description_kind":"plain","computed":true},"id":{"type":"string","description_kind":"plain","optional":true,"computed":true},"name":{"type":"string","description_kind":"plain","required":true}},"description_kind":"plain"}},"minio_iam_group_membership":{"version":0,"block":{"attributes":{"group":{"type":"string","description":"Group name to add users","description_kind":"plain","required":true},"id":{"type":"string","description_kind":"plain","optional":true,"computed":true},"name":{"type":"string","description":"Name of group membership","description_kind":"plain","required":true},"users":{"type":["set","string"],"description":"Add user or list of users such as a group membership","description_kind":"plain","required":true}},"description_kind":"plain"}},"minio_iam_group_policy":{"version":0,"block":{"attributes":{"group":{"type":"string","description_kind":"plain","required":true},"id":{"type":"string","description_kind":"plain","optional":true,"computed":true},"name":{"type":"string","description_kind":"plain","optional":true,"computed":true},"name_prefix":{"type":"string","description_kind":"plain","optional":true},"policy":{"type":"string","description_kind":"plain","required":true}},"description_kind":"plain"}},"minio_iam_group_policy_attachment":{"version":0,"block":{"attributes":{"group_name":{"type":"string","description_kind":"plain","required":true},"id":{"type":"string","description_kind":"plain","optional":true,"computed":true},"policy_name":{"type":"string","description_kind":"plain","required":true}},"description_kind":"plain"}},"minio_iam_group_user_attachment":{"version":0,"block":{"attributes":{"group_name":{"type":"string","description_kind":"plain","required":true},"id":{"type":"string","description_kind":"plain","optional":true,"computed":true},"user_name":{"type":"string","description_kind":"plain","required":true}},"description_kind":"plain"}},"minio_iam_policy":{"version":0,"block":{"attributes":{"id":{"type":"string","description_kind":"plain","optional":true,"computed":true},"name":{"type":"string","description_kind":"plain","optional":true,"computed":true},"name_prefix":{"type":"string","description_kind":"plain","optional":true},"policy":{"type":"string","description_kind":"plain","required":true}},"description_kind":"plain"}},"minio_iam_service_account":{"version":0,"block":{"attributes":{"access_key":{"type":"string","description_kind":"plain","computed":true},"disable_user":{"type":"bool","description":"Disable service account","description_kind":"plain","optional":true},"id":{"type":"string","description_kind":"plain","optional":true,"computed":true},"policy":{"type":"string","description":"policy of service account","description_kind":"plain","optional":true},"secret_key":{"type":"string","description_kind":"plain","computed":true,"sensitive":true},"status":{"type":"string","description_kind":"plain","computed":true},"target_user":{"type":"string","description_kind":"plain","required":true},"update_secret":{"type":"bool","description":"rotate secret key","description_kind":"plain","optional":true}},"description_kind":"plain"}},"minio_iam_user":{"version":0,"block":{"attributes":{"disable_user":{"type":"bool","description":"Disable user","description_kind":"plain","optional":true},"force_destroy":{"type":"bool","description":"Delete user even if it has non-Terraform-managed IAM access keys","description_kind":"plain","optional":true},"id":{"type":"string","description_kind":"plain","optional":true,"computed":true},"name":{"type":"string","description_kind":"plain","required":true},"secret":{"type":"string","description_kind":"plain","optional":true,"computed":true,"sensitive":true},"status":{"type":"string","description_kind":"plain","computed":true},"tags":{"type":["map","string"],"description_kind":"plain","optional":true},"update_secret":{"type":"bool","description":"Rotate Minio User Secret Key","description_kind":"plain","optional":true}},"description_kind":"plain"}},"minio_iam_user_policy_attachment":{"version":0,"block":{"attributes":{"id":{"type":"string","description_kind":"plain","optional":true,"computed":true},"policy_name":{"type":"string","description_kind":"plain","required":true},"user_name":{"type":"string","description_kind":"plain","required":true}},"description_kind":"plain"}},"minio_ilm_policy":{"version":0,"block":{"attributes":{"bucket":{"type":"string","description_kind":"plain","required":true},"id":{"type":"string","description_kind":"plain","optional":true,"computed":true}},"block_types":{"rule":{"nesting_mode":"list","block":{"attributes":{"expiration":{"type":"string","description":"Value may be duration (5d), date (1970-01-01), or \"DeleteMarker\" to expire delete markers if `noncurrent_version_expiration_days` is used","description_kind":"plain","optional":true},"filter":{"type":"string","description_kind":"plain","optional":true},"id":{"type":"string","description_kind":"plain","required":true},"noncurrent_version_expiration_days":{"type":"number","description_kind":"plain","optional":true},"status":{"type":"string","description_kind":"plain","computed":true},"tags":{"type":["map","string"],"description_kind":"plain","optional":true}},"description_kind":"plain"},"min_items":1}},"description":"`minio_ilm_policy` handles lifecycle settings for a given `minio_s3_bucket`.","description_kind":"plain"}},"minio_kms_key":{"version":0,"block":{"attributes":{"id":{"type":"string","description_kind":"plain","optional":true,"computed":true},"key_id":{"type":"string","description_kind":"plain","required":true}},"description_kind":"plain"}},"minio_s3_bucket":{"version":0,"block":{"attributes":{"acl":{"type":"string","description_kind":"plain","optional":true},"arn":{"type":"string","description_kind":"plain","computed":true},"bucket":{"type":"string","description_kind":"plain","optional":true,"computed":true},"bucket_domain_name":{"type":"string","description_kind":"plain","computed":true},"bucket_prefix":{"type":"string","description_kind":"plain","optional":true},"force_destroy":{"type":"bool","description_kind":"plain","optional":true},"id":{"type":"string","description_kind":"plain","optional":true,"computed":true},"object_locking":{"type":"bool","description_kind":"plain","optional":true},"quota":{"type":"number","description_kind":"plain","optional":true}},"description_kind":"plain"}},"minio_s3_bucket_notification":{"version":0,"block":{"attributes":{"bucket":{"type":"string","description_kind":"plain","required":true},"id":{"type":"string","description_kind":"plain","optional":true,"computed":true}},"block_types":{"queue":{"nesting_mode":"list","block":{"attributes":{"events":{"type":["set","string"],"description_kind":"plain","required":true},"filter_prefix":{"type":"string","description_kind":"plain","optional":true},"filter_suffix":{"type":"string","description_kind":"plain","optional":true},"id":{"type":"string","description_kind":"plain","optional":true,"computed":true},"queue_arn":{"type":"string","description_kind":"plain","required":true}},"description_kind":"plain"}}},"description_kind":"plain"}},"minio_s3_bucket_policy":{"version":0,"block":{"attributes":{"bucket":{"type":"string","description_kind":"plain","required":true},"id":{"type":"string","description_kind":"plain","optional":true,"computed":true},"policy":{"type":"string","description_kind":"plain","required":true}},"description_kind":"plain"}},"minio_s3_bucket_replication":{"version":0,"block":{"attributes":{"bucket":{"type":"string","description":"Name of the bucket on which to setup replication rules","description_kind":"plain","required":true},"id":{"type":"string","description_kind":"plain","optional":true,"computed":true}},"block_types":{"rule":{"nesting_mode":"list","block":{"attributes":{"arn":{"type":"string","description":"Rule ARN genrated by MinIO","description_kind":"plain","computed":true},"delete_marker_replication":{"type":"bool","description":"Whether or not to synchronise marker deletion","description_kind":"plain","optional":true},"delete_replication":{"type":"bool","description":"Whether or not to propagate deletion","description_kind":"plain","optional":true},"enabled":{"type":"bool","description":"Whether or not this rule is enabled","description_kind":"plain","optional":true},"existing_object_replication":{"type":"bool","description":"Whether or not to synchronise object created prior the replication configuration","description_kind":"plain","optional":true},"id":{"type":"string","description":"Rule ID generated by MinIO","description_kind":"plain","computed":true},"metadata_sync":{"type":"bool","description":"Whether or not to synchonise buckets and objects metadata (such as locks). This must be enabled to achieve a two-way replication","description_kind":"plain","optional":true},"prefix":{"type":"string","description":"Bucket prefix object must be in to be syncronised","description_kind":"plain","optional":true},"priority":{"type":"number","description":"Rule priority. If omitted, the inverted index will be used as priority. This means that the first rule definition will have the higher priority","description_kind":"plain","optional":true},"tags":{"type":["map","string"],"description":"Tags which objects must have to be syncronised","description_kind":"plain","optional":true}},"block_types":{"target":{"nesting_mode":"list","block":{"attributes":{"access_key":{"type":"string","description":"Access key for the replication service account in the target MinIO","description_kind":"plain","required":true},"bandwidth_limt":{"type":"string","description":"Maximum bandwidth in byte per second that MinIO can used when syncronysing this target. Minimum is 100MB","description_kind":"plain","optional":true},"bucket":{"type":"string","description":"The name of the existing target bucket to replicate into","description_kind":"plain","required":true},"disable_proxy":{"type":"bool","description":"Disable proxy for this target","description_kind":"plain","optional":true},"health_check_period":{"type":"string","description":"Period where the health of this target will be checked. This must be a valid duration, such as `5s` or `2m`","description_kind":"plain","optional":true},"host":{"type":"string","description":"The target host (pair IP/port or domain port). If port is omitted, HTTPS port (or HTTP if unsecure) will be used. This host must be reachable by the MinIO instance itself","description_kind":"plain","required":true},"path":{"type":"string","description":"Path of the Minio endpoint. This is usefull if MinIO API isn't served on at the root, e.g for `example.com/minio/`, the path would be `/minio/`","description_kind":"plain","optional":true},"path_style":{"type":"string","description":"Whether to use path-style or virtual-hosted-syle request to this target (https://docs.aws.amazon.com/AmazonS3/latest/userguide/VirtualHosting.html#path-style-access). `auto` allows MinIO to chose automatically the appropriate option (Recommened)`","description_kind":"plain","optional":true},"region":{"type":"string","description":"Region of the target MinIO. This will be used to generate the target ARN","description_kind":"plain","optional":true},"secret_key":{"type":"string","description":"Secret key for the replication service account in the target MinIO. This is optional so it can be imported but prevent secret update","description_kind":"plain","optional":true,"sensitive":true},"secure":{"type":"bool","description":"Whether to use HTTPS with this target (Recommended). Note that disabling HTTPS will yield Terraform warning for security reason`","description_kind":"plain","optional":true},"storage_class":{"type":"string","description":"The storage class to use for the object on this target","description_kind":"plain","optional":true},"syncronous":{"type":"bool","description":"Use synchronous replication.","description_kind":"plain","optional":true}},"description":"Bucket prefix","description_kind":"plain"},"min_items":1,"max_items":1}},"description":"Rule definitions","description_kind":"plain"}}},"description_kind":"plain"}},"minio_s3_bucket_server_side_encryption":{"version":0,"block":{"attributes":{"bucket":{"type":"string","description_kind":"plain","required":true},"encryption_type":{"type":"string","description_kind":"plain","required":true},"id":{"type":"string","description_kind":"plain","optional":true,"computed":true},"kms_key_id":{"type":"string","description_kind":"plain","required":true}},"description_kind":"plain"}},"minio_s3_bucket_versioning":{"version":0,"block":{"attributes":{"bucket":{"type":"string","description_kind":"plain","required":true},"id":{"type":"string","description_kind":"plain","optional":true,"computed":true}},"block_types":{"versioning_configuration":{"nesting_mode":"list","block":{"attributes":{"exclude_folders":{"type":"bool","description_kind":"plain","optional":true},"excluded_prefixes":{"type":["list","string"],"description_kind":"plain","optional":true},"status":{"type":"string","description_kind":"plain","required":true}},"description_kind":"plain"},"min_items":1,"max_items":1}},"description_kind":"plain"}},"minio_s3_object":{"version":0,"block":{"attributes":{"bucket_name":{"type":"string","description_kind":"plain","required":true},"content":{"type":"string","description_kind":"plain","optional":true},"content_base64":{"type":"string","description_kind":"plain","optional":true},"content_type":{"type":"string","description_kind":"plain","optional":true,"computed":true},"etag":{"type":"string","description_kind":"plain","optional":true,"computed":true},"id":{"type":"string","description_kind":"plain","optional":true,"computed":true},"object_name":{"type":"string","description_kind":"plain","required":true},"source":{"type":"string","description_kind":"plain","optional":true},"version_id":{"type":"string","description_kind":"plain","optional":true,"computed":true}},"description_kind":"plain"}}},"data_source_schemas":{"minio_iam_policy_document":{"version":0,"block":{"attributes":{"id":{"type":"string","description_kind":"plain","optional":true,"computed":true},"json":{"type":"string","description_kind":"plain","computed":true},"override_json":{"type":"string","description_kind":"plain","optional":true},"policy_id":{"type":"string","description_kind":"plain","optional":true},"source_json":{"type":"string","description_kind":"plain","optional":true},"version":{"type":"string","description_kind":"plain","optional":true}},"block_types":{"statement":{"nesting_mode":"list","block":{"attributes":{"actions":{"type":["set","string"],"description_kind":"plain","optional":true},"effect":{"type":"string","description_kind":"plain","optional":true},"principal":{"type":"string","description_kind":"plain","optional":true},"resources":{"type":["set","string"],"description_kind":"plain","optional":true},"sid":{"type":"string","description_kind":"plain","optional":true}},"block_types":{"condition":{"nesting_mode":"set","block":{"attributes":{"test":{"type":"string","description_kind":"plain","required":true},"values":{"type":["set","string"],"description_kind":"plain","required":true},"variable":{"type":"string","description_kind":"plain","required":true}},"description_kind":"plain"}}},"description_kind":"plain"}}},"description_kind":"plain"}}}}}}
